
Microsoft Visual Studio Solution File, Format Version 12.00
# Visual Studio 15
VisualStudioVersion = 15.0.28307.1169
MinimumVisualStudioVersion = 10.0.40219.1
Project("{FAE04EC0-301F-11D3-BF4B-00C04F79EFBC}") = "CSVWriter", "CSVWriter\CSVWriter.csproj", "{078397E4-96BE-43A8-AE2A-D0ED16626BA7}"
EndProject
Global
	GlobalSection(SolutionConfigurationPlatforms) = preSolution
		Debug|Any CPU = Debug|Any CPU
		Release|Any CPU = Release|Any CPU
	EndGlobalSection
	GlobalSection(ProjectConfigurationPlatforms) = postSolution
		{078397E4-96BE-43A8-AE2A-D0ED16626BA7}.Debug|Any CPU.ActiveCfg = Debug|Any CPU
		{078397E4-96BE-43A8-AE2A-D0ED16626BA7}.Debug|Any CPU.Build.0 = Debug|Any CPU
		{078397E4-96BE-43A8-AE2A-D0ED16626BA7}.Release|Any CPU.ActiveCfg = Release|Any CPU
		{078397E4-96BE-43A8-AE2A-D0ED16626BA7}.Release|Any CPU.Build.0 = Release|Any CPU
	EndGlobalSection
	GlobalSection(SolutionProperties) = preSolution
		HideSolutionNode = FALSE
	EndGlobalSection
	GlobalSection(ExtensibilityGlobals) = postSolution
		SolutionGuid = {24DABE5E-3534-44DC-BCED-ABD8D5E1F34C}
	EndGlobalSection
EndGlobal
